{
  "name": "@danburzo/dotfiles",
  "version": "1.0.1",
  "lockfileVersion": 2,
  "requires": true,
  "packages": {
    "": {
      "name": "@danburzo/dotfiles",
      "version": "1.0.1",
      "license": "MIT",
      "dependencies": {
        "opsh": "^1.0.0"
      }
    },
    "node_modules/opsh": {
      "version": "1.0.0",
      "resolved": "https://registry.npmjs.org/opsh/-/opsh-1.0.0.tgz",
      "integrity": "sha512-MIypaYwuwQZswS5f5pikTeA0/V/R/f9EdS73/TS0i/3sNWVuzFgGY7KgxrypWo1Ew5KchYR0SccvlJ/amoqDxg=="
    }
  },
  "dependencies": {
    "opsh": {
      "version": "1.0.0",
      "resolved": "https://registry.npmjs.org/opsh/-/opsh-1.0.0.tgz",
      "integrity": "sha512-MIypaYwuwQZswS5f5pikTeA0/V/R/f9EdS73/TS0i/3sNWVuzFgGY7KgxrypWo1Ew5KchYR0SccvlJ/amoqDxg=="
    }
  }
}
